{
  "version": 4,
  "terraform_version": "1.15.8",
  "serial": 61,
  "lineage": "78b6a47c-83ac-a8ca-bcae-36bdbb15f6bf",
  "outputs": {},
  "resources": [
    {
      "module": "module.NSG",
      "mode": "managed",
      "type": "azurerm_network_security_group",
      "name": "NSG",
      "provider": "provider[\"registry.terraform.io/hashicorp/azurerm\"]",
      "instances": [
        {
          "index_key": "nsg3",
          "schema_version": 0,
          "attributes": {
            "id": "/subscriptions/b42039e8-405e-4595-8bbd-0af29b92ac55/resourceGroups/rg-axion-sandbox-ci-01/providers/Microsoft.Network/networkSecurityGroups/database-nsg-axion-sandbox-ci-01",
            "location": "centralindia",
            "name": "database-nsg-axion-sandbox-ci-01",
            "resource_group_name": "rg-axion-sandbox-ci-01",
            "security_rule": [
              {
                "access": "Allow",
                "description": "",
                "destination_address_prefix": "*",
                "destination_address_prefixes": [],
                "destination_application_security_group_ids": [],
                "destination_port_range": "22",
                "destination_port_ranges": [],
                "direction": "Inbound",
                "name": "test123",
                "priority": 100,
                "protocol": "Tcp",
                "source_address_prefix": "*",
                "source_address_prefixes": [],
                "source_application_security_group_ids": [],
                "source_port_range": "*",
                "source_port_ranges": []
              }
            ],
            "tags": {},
            "timeouts": null
          },
          "sensitive_attributes": [],
          "identity_schema_version": 0,
          "identity": {
            "name": "database-nsg-axion-sandbox-ci-01",
            "resource_group_name": "rg-axion-sandbox-ci-01",
            "subscription_id": "b42039e8-405e-4595-8bbd-0af29b92ac55"
          },
          "private": "eyJlMmJmYjczMC1lY2FhLTExZTYtOGY4OC0zNDM2M2JjN2M0YzAiOnsiY3JlYXRlIjoxODAwMDAwMDAwMDAwLCJkZWxldGUiOjE4MDAwMDAwMDAwMDAsInJlYWQiOjMwMDAwMDAwMDAwMCwidXBkYXRlIjoxODAwMDAwMDAwMDAwfX0=",
          "dependencies": [
            "module.rg.azurerm_resource_group.rg"
          ]
        }
      ]
    },
    {
      "module": "module.pips",
      "mode": "managed",
      "type": "azurerm_public_ip",
      "name": "pips",
      "provider": "provider[\"registry.terraform.io/hashicorp/azurerm\"]",
      "instances": [
        {
          "index_key": "pips1",
          "schema_version": 0,
          "attributes": {
            "allocation_method": "Static",
            "ddos_protection_mode": "VirtualNetworkInherited",
            "ddos_protection_plan_id": null,
            "domain_name_label": "",
            "domain_name_label_scope": "",
            "edge_zone": "",
            "fqdn": "",
            "id": "/subscriptions/b42039e8-405e-4595-8bbd-0af29b92ac55/resourceGroups/rg-axion-sandbox-ci-01/providers/Microsoft.Network/publicIPAddresses/pip-frontend-vm-axion-sandbox-ci-01",
            "idle_timeout_in_minutes": 4,
            "ip_address": "4.240.57.113",
            "ip_tags": {},
            "ip_version": "IPv4",
            "location": "centralindia",
            "name": "pip-frontend-vm-axion-sandbox-ci-01",
            "public_ip_prefix_id": null,
            "resource_group_name": "rg-axion-sandbox-ci-01",
            "reverse_fqdn": "",
            "sku": "Standard",
            "sku_tier": "Regional",
            "tags": {},
            "timeouts": null,
            "zones": []
          },
          "sensitive_attributes": [],
          "identity_schema_version": 0,
          "identity": {
            "name": "pip-frontend-vm-axion-sandbox-ci-01",
            "resource_group_name": "rg-axion-sandbox-ci-01",
            "subscription_id": "b42039e8-405e-4595-8bbd-0af29b92ac55"
          },
          "private": "eyJlMmJmYjczMC1lY2FhLTExZTYtOGY4OC0zNDM2M2JjN2M0YzAiOnsiY3JlYXRlIjoxODAwMDAwMDAwMDAwLCJkZWxldGUiOjE4MDAwMDAwMDAwMDAsInJlYWQiOjMwMDAwMDAwMDAwMCwidXBkYXRlIjoxODAwMDAwMDAwMDAwfX0=",
          "dependencies": [
            "module.rg.azurerm_resource_group.rg"
          ]
        },
        {
          "index_key": "pips2",
          "schema_version": 0,
          "attributes": {
            "allocation_method": "Static",
            "ddos_protection_mode": "VirtualNetworkInherited",
            "ddos_protection_plan_id": null,
            "domain_name_label": "",
            "domain_name_label_scope": "",
            "edge_zone": "",
            "fqdn": "",
            "id": "/subscriptions/b42039e8-405e-4595-8bbd-0af29b92ac55/resourceGroups/rg-axion-sandbox-ci-01/providers/Microsoft.Network/publicIPAddresses/pip-backend-vm-axion-sandbox-ci-01",
            "idle_timeout_in_minutes": 4,
            "ip_address": "20.219.23.203",
            "ip_tags": {},
            "ip_version": "IPv4",
            "location": "centralindia",
            "name": "pip-backend-vm-axion-sandbox-ci-01",
            "public_ip_prefix_id": null,
            "resource_group_name": "rg-axion-sandbox-ci-01",
            "reverse_fqdn": "",
            "sku": "Standard",
            "sku_tier": "Regional",
            "tags": {},
            "timeouts": null,
            "zones": []
          },
          "sensitive_attributes": [],
          "identity_schema_version": 0,
          "identity": {
            "name": "pip-backend-vm-axion-sandbox-ci-01",
            "resource_group_name": "rg-axion-sandbox-ci-01",
            "subscription_id": "b42039e8-405e-4595-8bbd-0af29b92ac55"
          },
          "private": "eyJlMmJmYjczMC1lY2FhLTExZTYtOGY4OC0zNDM2M2JjN2M0YzAiOnsiY3JlYXRlIjoxODAwMDAwMDAwMDAwLCJkZWxldGUiOjE4MDAwMDAwMDAwMDAsInJlYWQiOjMwMDAwMDAwMDAwMCwidXBkYXRlIjoxODAwMDAwMDAwMDAwfX0=",
          "dependencies": [
            "module.rg.azurerm_resource_group.rg"
          ]
        },
        {
          "index_key": "pips3",
          "schema_version": 0,
          "attributes": {
            "allocation_method": "Static",
            "ddos_protection_mode": "VirtualNetworkInherited",
            "ddos_protection_plan_id": null,
            "domain_name_label": "",
            "domain_name_label_scope": "",
            "edge_zone": "",
            "fqdn": "",
            "id": "/subscriptions/b42039e8-405e-4595-8bbd-0af29b92ac55/resourceGroups/rg-axion-sandbox-ci-01/providers/Microsoft.Network/publicIPAddresses/pip-database-vm-axion-sandbox-ci-01",
            "idle_timeout_in_minutes": 4,
            "ip_address": "20.219.143.195",
            "ip_tags": {},
            "ip_version": "IPv4",
            "location": "centralindia",
            "name": "pip-database-vm-axion-sandbox-ci-01",
            "public_ip_prefix_id": null,
            "resource_group_name": "rg-axion-sandbox-ci-01",
            "reverse_fqdn": "",
            "sku": "Standard",
            "sku_tier": "Regional",
            "tags": {},
            "timeouts": null,
            "zones": []
          },
          "sensitive_attributes": [],
          "identity_schema_version": 0,
          "identity": {
            "name": "pip-database-vm-axion-sandbox-ci-01",
            "resource_group_name": "rg-axion-sandbox-ci-01",
            "subscription_id": "b42039e8-405e-4595-8bbd-0af29b92ac55"
          },
          "private": "eyJlMmJmYjczMC1lY2FhLTExZTYtOGY4OC0zNDM2M2JjN2M0YzAiOnsiY3JlYXRlIjoxODAwMDAwMDAwMDAwLCJkZWxldGUiOjE4MDAwMDAwMDAwMDAsInJlYWQiOjMwMDAwMDAwMDAwMCwidXBkYXRlIjoxODAwMDAwMDAwMDAwfX0=",
          "dependencies": [
            "module.rg.azurerm_resource_group.rg"
          ]
        }
      ]
    },
    {
      "module": "module.rg",
      "mode": "managed",
      "type": "azurerm_resource_group",
      "name": "rg",
      "provider": "provider[\"registry.terraform.io/hashicorp/azurerm\"]",
      "instances": [
        {
          "index_key": "rg1",
          "schema_version": 0,
          "attributes": {
            "id": "/subscriptions/b42039e8-405e-4595-8bbd-0af29b92ac55/resourceGroups/rg-axion-sandbox-ci-01",
            "location": "centralindia",
            "managed_by": "",
            "name": "rg-axion-sandbox-ci-01",
            "tags": {},
            "timeouts": null
          },
          "sensitive_attributes": [],
          "identity_schema_version": 0,
          "identity": {
            "name": "rg-axion-sandbox-ci-01",
            "subscription_id": "b42039e8-405e-4595-8bbd-0af29b92ac55"
          },
          "private": "eyJlMmJmYjczMC1lY2FhLTExZTYtOGY4OC0zNDM2M2JjN2M0YzAiOnsiY3JlYXRlIjo1NDAwMDAwMDAwMDAwLCJkZWxldGUiOjU0MDAwMDAwMDAwMDAsInJlYWQiOjMwMDAwMDAwMDAwMCwidXBkYXRlIjo1NDAwMDAwMDAwMDAwfX0="
        }
      ]
    },
    {
      "module": "module.subnet",
      "mode": "managed",
      "type": "azurerm_subnet",
      "name": "subnets",
      "provider": "provider[\"registry.terraform.io/hashicorp/azurerm\"]",
      "instances": [
        {
          "index_key": "subnet1",
          "schema_version": 0,
          "attributes": {
            "address_prefixes": [
              "10.0.1.0/24"
            ],
            "default_outbound_access_enabled": true,
            "delegation": [],
            "id": "/subscriptions/b42039e8-405e-4595-8bbd-0af29b92ac55/resourceGroups/rg-axion-sandbox-ci-01/providers/Microsoft.Network/virtualNetworks/vnet-axion-sandbox-c01/subnets/frontend-subnet-axion-sandbox-ci-01",
            "ip_address_pool": [],
            "name": "frontend-subnet-axion-sandbox-ci-01",
            "network_security_group_id": "",
            "network_security_group_id_wo": null,
            "network_security_group_id_wo_version": 0,
            "private_endpoint_network_policies": "Disabled",
            "private_link_service_network_policies_enabled": true,
            "resource_group_name": "rg-axion-sandbox-ci-01",
            "route_table_id": "",
            "route_table_id_wo": null,
            "route_table_id_wo_version": 0,
            "service_endpoint": [],
            "service_endpoint_policy_ids": [],
            "sharing_scope": "",
            "timeouts": null,
            "virtual_network_name": "vnet-axion-sandbox-c01"
          },
          "sensitive_attributes": [],
          "identity_schema_version": 0,
          "identity": {
            "name": "frontend-subnet-axion-sandbox-ci-01",
            "resource_group_name": "rg-axion-sandbox-ci-01",
            "subscription_id": "b42039e8-405e-4595-8bbd-0af29b92ac55",
            "virtual_network_name": "vnet-axion-sandbox-c01"
          },
          "private": "eyJlMmJmYjczMC1lY2FhLTExZTYtOGY4OC0zNDM2M2JjN2M0YzAiOnsiY3JlYXRlIjoxODAwMDAwMDAwMDAwLCJkZWxldGUiOjE4MDAwMDAwMDAwMDAsInJlYWQiOjMwMDAwMDAwMDAwMCwidXBkYXRlIjoxODAwMDAwMDAwMDAwfX0=",
          "dependencies": [
            "module.rg.azurerm_resource_group.rg",
            "module.vnet.azurerm_virtual_network.vnets"
          ]
        },
        {
          "index_key": "subnet2",
          "schema_version": 0,
          "attributes": {
            "address_prefixes": [
              "10.0.3.0/24"
            ],
            "default_outbound_access_enabled": true,
            "delegation": [],
            "id": "/subscriptions/b42039e8-405e-4595-8bbd-0af29b92ac55/resourceGroups/rg-axion-sandbox-ci-01/providers/Microsoft.Network/virtualNetworks/vnet-axion-sandbox-c01/subnets/database-subnet-axion-sandbox-ci-01",
            "ip_address_pool": [],
            "name": "database-subnet-axion-sandbox-ci-01",
            "network_security_group_id": "",
            "network_security_group_id_wo": null,
            "network_security_group_id_wo_version": 0,
            "private_endpoint_network_policies": "Disabled",
            "private_link_service_network_policies_enabled": true,
            "resource_group_name": "rg-axion-sandbox-ci-01",
            "route_table_id": "",
            "route_table_id_wo": null,
            "route_table_id_wo_version": 0,
            "service_endpoint": [],
            "service_endpoint_policy_ids": [],
            "sharing_scope": "",
            "timeouts": null,
            "virtual_network_name": "vnet-axion-sandbox-c01"
          },
          "sensitive_attributes": [],
          "identity_schema_version": 0,
          "identity": {
            "name": "database-subnet-axion-sandbox-ci-01",
            "resource_group_name": "rg-axion-sandbox-ci-01",
            "subscription_id": "b42039e8-405e-4595-8bbd-0af29b92ac55",
            "virtual_network_name": "vnet-axion-sandbox-c01"
          },
          "private": "eyJlMmJmYjczMC1lY2FhLTExZTYtOGY4OC0zNDM2M2JjN2M0YzAiOnsiY3JlYXRlIjoxODAwMDAwMDAwMDAwLCJkZWxldGUiOjE4MDAwMDAwMDAwMDAsInJlYWQiOjMwMDAwMDAwMDAwMCwidXBkYXRlIjoxODAwMDAwMDAwMDAwfX0=",
          "dependencies": [
            "module.rg.azurerm_resource_group.rg",
            "module.vnet.azurerm_virtual_network.vnets"
          ]
        },
        {
          "index_key": "subnet3",
          "schema_version": 0,
          "attributes": {
            "address_prefixes": [
              "10.0.2.0/24"
            ],
            "default_outbound_access_enabled": true,
            "delegation": [],
            "id": "/subscriptions/b42039e8-405e-4595-8bbd-0af29b92ac55/resourceGroups/rg-axion-sandbox-ci-01/providers/Microsoft.Network/virtualNetworks/vnet-axion-sandbox-c01/subnets/backend-subnet-axion-sandbox-ci-01",
            "ip_address_pool": [],
            "name": "backend-subnet-axion-sandbox-ci-01",
            "network_security_group_id": "",
            "network_security_group_id_wo": null,
            "network_security_group_id_wo_version": 0,
            "private_endpoint_network_policies": "Disabled",
            "private_link_service_network_policies_enabled": true,
            "resource_group_name": "rg-axion-sandbox-ci-01",
            "route_table_id": "",
            "route_table_id_wo": null,
            "route_table_id_wo_version": 0,
            "service_endpoint": [],
            "service_endpoint_policy_ids": [],
            "sharing_scope": "",
            "timeouts": null,
            "virtual_network_name": "vnet-axion-sandbox-c01"
          },
          "sensitive_attributes": [],
          "identity_schema_version": 0,
          "identity": {
            "name": "backend-subnet-axion-sandbox-ci-01",
            "resource_group_name": "rg-axion-sandbox-ci-01",
            "subscription_id": "b42039e8-405e-4595-8bbd-0af29b92ac55",
            "virtual_network_name": "vnet-axion-sandbox-c01"
          },
          "private": "eyJlMmJmYjczMC1lY2FhLTExZTYtOGY4OC0zNDM2M2JjN2M0YzAiOnsiY3JlYXRlIjoxODAwMDAwMDAwMDAwLCJkZWxldGUiOjE4MDAwMDAwMDAwMDAsInJlYWQiOjMwMDAwMDAwMDAwMCwidXBkYXRlIjoxODAwMDAwMDAwMDAwfX0=",
          "dependencies": [
            "module.rg.azurerm_resource_group.rg",
            "module.vnet.azurerm_virtual_network.vnets"
          ]
        }
      ]
    },
    {
      "module": "module.vms",
      "mode": "data",
      "type": "azurerm_network_security_group",
      "name": "nsg",
      "provider": "provider[\"registry.terraform.io/hashicorp/azurerm\"]",
      "instances": [
        {
          "index_key": "vm3",
          "schema_version": 0,
          "attributes": {
            "id": "/subscriptions/b42039e8-405e-4595-8bbd-0af29b92ac55/resourceGroups/rg-axion-sandbox-ci-01/providers/Microsoft.Network/networkSecurityGroups/database-nsg-axion-sandbox-ci-01",
            "location": "centralindia",
            "name": "database-nsg-axion-sandbox-ci-01",
            "resource_group_name": "rg-axion-sandbox-ci-01",
            "security_rule": [
              {
                "access": "Allow",
                "description": "",
                "destination_address_prefix": "*",
                "destination_address_prefixes": [],
                "destination_application_security_group_ids": [],
                "destination_port_range": "22",
                "destination_port_ranges": [],
                "direction": "Inbound",
                "name": "test123",
                "priority": 100,
                "protocol": "Tcp",
                "source_address_prefix": "*",
                "source_address_prefixes": [],
                "source_application_security_group_ids": [],
                "source_port_range": "*",
                "source_port_ranges": []
              }
            ],
            "tags": {},
            "timeouts": null
          },
          "sensitive_attributes": [],
          "identity_schema_version": 0
        }
      ]
    },
    {
      "module": "module.vms",
      "mode": "data",
      "type": "azurerm_public_ip",
      "name": "pips",
      "provider": "provider[\"registry.terraform.io/hashicorp/azurerm\"]",
      "instances": [
        {
          "index_key": "vm3",
          "schema_version": 0,
          "attributes": {
            "allocation_method": "Static",
            "ddos_protection_mode": "VirtualNetworkInherited",
            "ddos_protection_plan_id": null,
            "domain_name_label": "",
            "fqdn": "",
            "id": "/subscriptions/b42039e8-405e-4595-8bbd-0af29b92ac55/resourceGroups/rg-axion-sandbox-ci-01/providers/Microsoft.Network/publicIPAddresses/pip-database-vm-axion-sandbox-ci-01",
            "idle_timeout_in_minutes": 4,
            "ip_address": "20.219.143.195",
            "ip_tags": {},
            "ip_version": "IPv4",
            "location": "centralindia",
            "name": "pip-database-vm-axion-sandbox-ci-01",
            "resource_group_name": "rg-axion-sandbox-ci-01",
            "reverse_fqdn": "",
            "sku": "Standard",
            "tags": {},
            "timeouts": null,
            "zones": []
          },
          "sensitive_attributes": [],
          "identity_schema_version": 0
        }
      ]
    },
    {
      "module": "module.vms",
      "mode": "data",
      "type": "azurerm_subnet",
      "name": "subnets",
      "provider": "provider[\"registry.terraform.io/hashicorp/azurerm\"]",
      "instances": [
        {
          "index_key": "vm3",
          "schema_version": 0,
          "attributes": {
            "address_prefix": "",
            "address_prefixes": [
              "10.0.3.0/24"
            ],
            "default_outbound_access_enabled": true,
            "id": "/subscriptions/b42039e8-405e-4595-8bbd-0af29b92ac55/resourceGroups/rg-axion-sandbox-ci-01/providers/Microsoft.Network/virtualNetworks/vnet-axion-sandbox-c01/subnets/database-subnet-axion-sandbox-ci-01",
            "name": "database-subnet-axion-sandbox-ci-01",
            "network_security_group_id": "",
            "private_endpoint_network_policies": "Disabled",
            "private_link_service_network_policies_enabled": true,
            "resource_group_name": "rg-axion-sandbox-ci-01",
            "route_table_id": "",
            "service_endpoint": [],
            "timeouts": null,
            "virtual_network_name": "vnet-axion-sandbox-c01"
          },
          "sensitive_attributes": [],
          "identity_schema_version": 0
        }
      ]
    },
    {
      "module": "module.vms",
      "mode": "managed",
      "type": "azurerm_network_interface",
      "name": "nics",
      "provider": "provider[\"registry.terraform.io/hashicorp/azurerm\"]",
      "instances": [
        {
          "index_key": "vm3",
          "schema_version": 0,
          "attributes": {
            "accelerated_networking_enabled": false,
            "applied_dns_servers": [],
            "auxiliary_mode": "",
            "auxiliary_sku": "",
            "dns_servers": [],
            "edge_zone": "",
            "id": "/subscriptions/b42039e8-405e-4595-8bbd-0af29b92ac55/resourceGroups/rg-axion-sandbox-ci-01/providers/Microsoft.Network/networkInterfaces/nic-database-vm-axion-sandbox-ci-01",
            "internal_dns_name_label": "",
            "internal_domain_name_suffix": "ops015vob2mexp0agg5lsxbvdg.rx.internal.cloudapp.net",
            "ip_configuration": [
              {
                "gateway_load_balancer_frontend_ip_configuration_id": "",
                "name": "internal",
                "primary": true,
                "private_ip_address": "10.0.3.4",
                "private_ip_address_allocation": "Dynamic",
                "private_ip_address_version": "IPv4",
                "public_ip_address_id": "/subscriptions/b42039e8-405e-4595-8bbd-0af29b92ac55/resourceGroups/rg-axion-sandbox-ci-01/providers/Microsoft.Network/publicIPAddresses/pip-database-vm-axion-sandbox-ci-01",
                "subnet_id": "/subscriptions/b42039e8-405e-4595-8bbd-0af29b92ac55/resourceGroups/rg-axion-sandbox-ci-01/providers/Microsoft.Network/virtualNetworks/vnet-axion-sandbox-c01/subnets/database-subnet-axion-sandbox-ci-01"
              }
            ],
            "ip_forwarding_enabled": false,
            "location": "centralindia",
            "mac_address": "",
            "name": "nic-database-vm-axion-sandbox-ci-01",
            "private_ip_address": "10.0.3.4",
            "private_ip_addresses": [
              "10.0.3.4"
            ],
            "resource_group_name": "rg-axion-sandbox-ci-01",
            "tags": {},
            "timeouts": null,
            "virtual_machine_id": ""
          },
          "sensitive_attributes": [],
          "identity_schema_version": 0,
          "identity": {
            "name": "nic-database-vm-axion-sandbox-ci-01",
            "resource_group_name": "rg-axion-sandbox-ci-01",
            "subscription_id": "b42039e8-405e-4595-8bbd-0af29b92ac55"
          },
          "private": "eyJlMmJmYjczMC1lY2FhLTExZTYtOGY4OC0zNDM2M2JjN2M0YzAiOnsiY3JlYXRlIjoxODAwMDAwMDAwMDAwLCJkZWxldGUiOjE4MDAwMDAwMDAwMDAsInJlYWQiOjMwMDAwMDAwMDAwMCwidXBkYXRlIjoxODAwMDAwMDAwMDAwfX0=",
          "dependencies": [
            "module.NSG.azurerm_network_security_group.NSG",
            "module.pips.azurerm_public_ip.pips",
            "module.rg.azurerm_resource_group.rg",
            "module.subnet.azurerm_subnet.subnets",
            "module.vms.data.azurerm_public_ip.pips",
            "module.vms.data.azurerm_subnet.subnets",
            "module.vnet.azurerm_virtual_network.vnets"
          ]
        }
      ]
    },
    {
      "module": "module.vms",
      "mode": "managed",
      "type": "azurerm_network_interface_security_group_association",
      "name": "nsg_association",
      "provider": "provider[\"registry.terraform.io/hashicorp/azurerm\"]",
      "instances": [
        {
          "index_key": "vm3",
          "schema_version": 0,
          "attributes": {
            "id": "/subscriptions/b42039e8-405e-4595-8bbd-0af29b92ac55/resourceGroups/rg-axion-sandbox-ci-01/providers/Microsoft.Network/networkInterfaces/nic-database-vm-axion-sandbox-ci-01|/subscriptions/b42039e8-405e-4595-8bbd-0af29b92ac55/resourceGroups/rg-axion-sandbox-ci-01/providers/Microsoft.Network/networkSecurityGroups/database-nsg-axion-sandbox-ci-01",
            "network_interface_id": "/subscriptions/b42039e8-405e-4595-8bbd-0af29b92ac55/resourceGroups/rg-axion-sandbox-ci-01/providers/Microsoft.Network/networkInterfaces/nic-database-vm-axion-sandbox-ci-01",
            "network_security_group_id": "/subscriptions/b42039e8-405e-4595-8bbd-0af29b92ac55/resourceGroups/rg-axion-sandbox-ci-01/providers/Microsoft.Network/networkSecurityGroups/database-nsg-axion-sandbox-ci-01",
            "timeouts": null
          },
          "sensitive_attributes": [],
          "identity_schema_version": 0,
          "private": "eyJlMmJmYjczMC1lY2FhLTExZTYtOGY4OC0zNDM2M2JjN2M0YzAiOnsiY3JlYXRlIjoxODAwMDAwMDAwMDAwLCJkZWxldGUiOjE4MDAwMDAwMDAwMDAsInJlYWQiOjMwMDAwMDAwMDAwMH19",
          "dependencies": [
            "module.NSG.azurerm_network_security_group.NSG",
            "module.pips.azurerm_public_ip.pips",
            "module.rg.azurerm_resource_group.rg",
            "module.subnet.azurerm_subnet.subnets",
            "module.vms.azurerm_network_interface.nics",
            "module.vms.data.azurerm_network_security_group.nsg",
            "module.vms.data.azurerm_public_ip.pips",
            "module.vms.data.azurerm_subnet.subnets",
            "module.vnet.azurerm_virtual_network.vnets"
          ]
        }
      ]
    },
    {
      "module": "module.vnet",
      "mode": "managed",
      "type": "azurerm_virtual_network",
      "name": "vnets",
      "provider": "provider[\"registry.terraform.io/hashicorp/azurerm\"]",
      "instances": [
        {
          "index_key": "vnet1",
          "schema_version": 0,
          "attributes": {
            "address_space": [
              "10.0.0.0/16"
            ],
            "bgp_community": "",
            "ddos_protection_plan": [],
            "dns_servers": [],
            "edge_zone": "",
            "encryption": [],
            "flow_timeout_in_minutes": 0,
            "guid": "feade573-0fae-4b18-bf40-31beb95c351e",
            "id": "/subscriptions/b42039e8-405e-4595-8bbd-0af29b92ac55/resourceGroups/rg-axion-sandbox-ci-01/providers/Microsoft.Network/virtualNetworks/vnet-axion-sandbox-c01",
            "ip_address_pool": [],
            "location": "centralindia",
            "name": "vnet-axion-sandbox-c01",
            "private_endpoint_vnet_policies": "Disabled",
            "resource_group_name": "rg-axion-sandbox-ci-01",
            "subnet": [
              {
                "address_prefixes": [
                  "10.0.1.0/24"
                ],
                "default_outbound_access_enabled": true,
                "delegation": [],
                "id": "/subscriptions/b42039e8-405e-4595-8bbd-0af29b92ac55/resourceGroups/rg-axion-sandbox-ci-01/providers/Microsoft.Network/virtualNetworks/vnet-axion-sandbox-c01/subnets/frontend-subnet-axion-sandbox-ci-01",
                "name": "frontend-subnet-axion-sandbox-ci-01",
                "private_endpoint_network_policies": "Disabled",
                "private_link_service_network_policies_enabled": true,
                "route_table_id": "",
                "security_group": "",
                "service_endpoint": [],
                "service_endpoint_policy_ids": []
              },
              {
                "address_prefixes": [
                  "10.0.2.0/24"
                ],
                "default_outbound_access_enabled": true,
                "delegation": [],
                "id": "/subscriptions/b42039e8-405e-4595-8bbd-0af29b92ac55/resourceGroups/rg-axion-sandbox-ci-01/providers/Microsoft.Network/virtualNetworks/vnet-axion-sandbox-c01/subnets/backend-subnet-axion-sandbox-ci-01",
                "name": "backend-subnet-axion-sandbox-ci-01",
                "private_endpoint_network_policies": "Disabled",
                "private_link_service_network_policies_enabled": true,
                "route_table_id": "",
                "security_group": "",
                "service_endpoint": [],
                "service_endpoint_policy_ids": []
              },
              {
                "address_prefixes": [
                  "10.0.3.0/24"
                ],
                "default_outbound_access_enabled": true,
                "delegation": [],
                "id": "/subscriptions/b42039e8-405e-4595-8bbd-0af29b92ac55/resourceGroups/rg-axion-sandbox-ci-01/providers/Microsoft.Network/virtualNetworks/vnet-axion-sandbox-c01/subnets/database-subnet-axion-sandbox-ci-01",
                "name": "database-subnet-axion-sandbox-ci-01",
                "private_endpoint_network_policies": "Disabled",
                "private_link_service_network_policies_enabled": true,
                "route_table_id": "",
                "security_group": "",
                "service_endpoint": [],
                "service_endpoint_policy_ids": []
              }
            ],
            "tags": {},
            "timeouts": null
          },
          "sensitive_attributes": [],
          "identity_schema_version": 0,
          "identity": {
            "name": "vnet-axion-sandbox-c01",
            "resource_group_name": "rg-axion-sandbox-ci-01",
            "subscription_id": "b42039e8-405e-4595-8bbd-0af29b92ac55"
          },
          "private": "eyJlMmJmYjczMC1lY2FhLTExZTYtOGY4OC0zNDM2M2JjN2M0YzAiOnsiY3JlYXRlIjoxODAwMDAwMDAwMDAwLCJkZWxldGUiOjE4MDAwMDAwMDAwMDAsInJlYWQiOjMwMDAwMDAwMDAwMCwidXBkYXRlIjoxODAwMDAwMDAwMDAwfX0=",
          "dependencies": [
            "module.rg.azurerm_resource_group.rg"
          ]
        }
      ]
    }
  ],
  "check_results": null
}
