{
  "version": 4,
  "terraform_version": "1.15.8",
  "serial": 24,
  "lineage": "db8112aa-3939-9860-18aa-2caece002e42",
  "outputs": {},
  "resources": [
    {
      "module": "module.NSG",
      "mode": "managed",
      "type": "azurerm_network_security_group",
      "name": "NSG",
      "provider": "provider[\"registry.terraform.io/hashicorp/azurerm\"]",
      "instances": [
        {
          "index_key": "nsg3",
          "schema_version": 0,
          "attributes": {
            "id": "/subscriptions/a69bb81b-cd1b-425c-9dcc-5bdf63f1839a/resourceGroups/rg-axion-sandbox-ci-01/providers/Microsoft.Network/networkSecurityGroups/database-nsg-axion-sandbox-ci-01",
            "location": "centralindia",
            "name": "database-nsg-axion-sandbox-ci-01",
            "resource_group_name": "rg-axion-sandbox-ci-01",
            "security_rule": [
              {
                "access": "Allow",
                "description": "",
                "destination_address_prefix": "*",
                "destination_address_prefixes": [],
                "destination_application_security_group_ids": [],
                "destination_port_range": "22",
                "destination_port_ranges": [],
                "direction": "Inbound",
                "name": "test123",
                "priority": 100,
                "protocol": "Tcp",
                "source_address_prefix": "*",
                "source_address_prefixes": [],
                "source_application_security_group_ids": [],
                "source_port_range": "*",
                "source_port_ranges": []
              }
            ],
            "tags": {},
            "timeouts": null
          },
          "sensitive_attributes": [],
          "identity_schema_version": 0,
          "identity": {
            "name": "database-nsg-axion-sandbox-ci-01",
            "resource_group_name": "rg-axion-sandbox-ci-01",
            "subscription_id": "a69bb81b-cd1b-425c-9dcc-5bdf63f1839a"
          },
          "private": "eyJlMmJmYjczMC1lY2FhLTExZTYtOGY4OC0zNDM2M2JjN2M0YzAiOnsiY3JlYXRlIjoxODAwMDAwMDAwMDAwLCJkZWxldGUiOjE4MDAwMDAwMDAwMDAsInJlYWQiOjMwMDAwMDAwMDAwMCwidXBkYXRlIjoxODAwMDAwMDAwMDAwfX0=",
          "dependencies": [
            "module.rg.azurerm_resource_group.rg"
          ]
        }
      ]
    },
    {
      "module": "module.pips",
      "mode": "managed",
      "type": "azurerm_public_ip",
      "name": "pips",
      "provider": "provider[\"registry.terraform.io/hashicorp/azurerm\"]",
      "instances": [
        {
          "index_key": "pips1",
          "schema_version": 0,
          "attributes": {
            "allocation_method": "Static",
            "ddos_protection_mode": "VirtualNetworkInherited",
            "ddos_protection_plan_id": null,
            "domain_name_label": "",
            "domain_name_label_scope": "",
            "edge_zone": "",
            "fqdn": "",
            "id": "/subscriptions/a69bb81b-cd1b-425c-9dcc-5bdf63f1839a/resourceGroups/rg-axion-sandbox-ci-01/providers/Microsoft.Network/publicIPAddresses/pip-frontend-vm-axion-sandbox-ci-01",
            "idle_timeout_in_minutes": 4,
            "ip_address": "20.219.52.156",
            "ip_tags": {},
            "ip_version": "IPv4",
            "location": "centralindia",
            "name": "pip-frontend-vm-axion-sandbox-ci-01",
            "public_ip_prefix_id": null,
            "resource_group_name": "rg-axion-sandbox-ci-01",
            "reverse_fqdn": "",
            "sku": "Standard",
            "sku_tier": "Regional",
            "tags": {},
            "timeouts": null,
            "zones": []
          },
          "sensitive_attributes": [],
          "identity_schema_version": 0,
          "identity": {
            "name": "pip-frontend-vm-axion-sandbox-ci-01",
            "resource_group_name": "rg-axion-sandbox-ci-01",
            "subscription_id": "a69bb81b-cd1b-425c-9dcc-5bdf63f1839a"
          },
          "private": "eyJlMmJmYjczMC1lY2FhLTExZTYtOGY4OC0zNDM2M2JjN2M0YzAiOnsiY3JlYXRlIjoxODAwMDAwMDAwMDAwLCJkZWxldGUiOjE4MDAwMDAwMDAwMDAsInJlYWQiOjMwMDAwMDAwMDAwMCwidXBkYXRlIjoxODAwMDAwMDAwMDAwfX0=",
          "dependencies": [
            "module.rg.azurerm_resource_group.rg"
          ]
        },
        {
          "index_key": "pips2",
          "schema_version": 0,
          "attributes": {
            "allocation_method": "Static",
            "ddos_protection_mode": "VirtualNetworkInherited",
            "ddos_protection_plan_id": null,
            "domain_name_label": "",
            "domain_name_label_scope": "",
            "edge_zone": "",
            "fqdn": "",
            "id": "/subscriptions/a69bb81b-cd1b-425c-9dcc-5bdf63f1839a/resourceGroups/rg-axion-sandbox-ci-01/providers/Microsoft.Network/publicIPAddresses/pip-backend-vm-axion-sandbox-ci-01",
            "idle_timeout_in_minutes": 4,
            "ip_address": "20.219.185.191",
            "ip_tags": {},
            "ip_version": "IPv4",
            "location": "centralindia",
            "name": "pip-backend-vm-axion-sandbox-ci-01",
            "public_ip_prefix_id": null,
            "resource_group_name": "rg-axion-sandbox-ci-01",
            "reverse_fqdn": "",
            "sku": "Standard",
            "sku_tier": "Regional",
            "tags": {},
            "timeouts": null,
            "zones": []
          },
          "sensitive_attributes": [],
          "identity_schema_version": 0,
          "identity": {
            "name": "pip-backend-vm-axion-sandbox-ci-01",
            "resource_group_name": "rg-axion-sandbox-ci-01",
            "subscription_id": "a69bb81b-cd1b-425c-9dcc-5bdf63f1839a"
          },
          "private": "eyJlMmJmYjczMC1lY2FhLTExZTYtOGY4OC0zNDM2M2JjN2M0YzAiOnsiY3JlYXRlIjoxODAwMDAwMDAwMDAwLCJkZWxldGUiOjE4MDAwMDAwMDAwMDAsInJlYWQiOjMwMDAwMDAwMDAwMCwidXBkYXRlIjoxODAwMDAwMDAwMDAwfX0=",
          "dependencies": [
            "module.rg.azurerm_resource_group.rg"
          ]
        },
        {
          "index_key": "pips3",
          "schema_version": 0,
          "attributes": {
            "allocation_method": "Static",
            "ddos_protection_mode": "VirtualNetworkInherited",
            "ddos_protection_plan_id": null,
            "domain_name_label": "",
            "domain_name_label_scope": "",
            "edge_zone": "",
            "fqdn": "",
            "id": "/subscriptions/a69bb81b-cd1b-425c-9dcc-5bdf63f1839a/resourceGroups/rg-axion-sandbox-ci-01/providers/Microsoft.Network/publicIPAddresses/pip-database-vm-axion-sandbox-ci-01",
            "idle_timeout_in_minutes": 4,
            "ip_address": "20.193.227.77",
            "ip_tags": {},
            "ip_version": "IPv4",
            "location": "centralindia",
            "name": "pip-database-vm-axion-sandbox-ci-01",
            "public_ip_prefix_id": null,
            "resource_group_name": "rg-axion-sandbox-ci-01",
            "reverse_fqdn": "",
            "sku": "Standard",
            "sku_tier": "Regional",
            "tags": {},
            "timeouts": null,
            "zones": []
          },
          "sensitive_attributes": [],
          "identity_schema_version": 0,
          "identity": {
            "name": "pip-database-vm-axion-sandbox-ci-01",
            "resource_group_name": "rg-axion-sandbox-ci-01",
            "subscription_id": "a69bb81b-cd1b-425c-9dcc-5bdf63f1839a"
          },
          "private": "eyJlMmJmYjczMC1lY2FhLTExZTYtOGY4OC0zNDM2M2JjN2M0YzAiOnsiY3JlYXRlIjoxODAwMDAwMDAwMDAwLCJkZWxldGUiOjE4MDAwMDAwMDAwMDAsInJlYWQiOjMwMDAwMDAwMDAwMCwidXBkYXRlIjoxODAwMDAwMDAwMDAwfX0=",
          "dependencies": [
            "module.rg.azurerm_resource_group.rg"
          ]
        }
      ]
    },
    {
      "module": "module.rg",
      "mode": "managed",
      "type": "azurerm_resource_group",
      "name": "rg",
      "provider": "provider[\"registry.terraform.io/hashicorp/azurerm\"]",
      "instances": [
        {
          "index_key": "rg1",
          "schema_version": 0,
          "attributes": {
            "id": "/subscriptions/a69bb81b-cd1b-425c-9dcc-5bdf63f1839a/resourceGroups/rg-axion-sandbox-ci-01",
            "location": "centralindia",
            "managed_by": "",
            "name": "rg-axion-sandbox-ci-01",
            "tags": {},
            "timeouts": null
          },
          "sensitive_attributes": [],
          "identity_schema_version": 0,
          "identity": {
            "name": "rg-axion-sandbox-ci-01",
            "subscription_id": "a69bb81b-cd1b-425c-9dcc-5bdf63f1839a"
          },
          "private": "eyJlMmJmYjczMC1lY2FhLTExZTYtOGY4OC0zNDM2M2JjN2M0YzAiOnsiY3JlYXRlIjo1NDAwMDAwMDAwMDAwLCJkZWxldGUiOjU0MDAwMDAwMDAwMDAsInJlYWQiOjMwMDAwMDAwMDAwMCwidXBkYXRlIjo1NDAwMDAwMDAwMDAwfX0="
        }
      ]
    },
    {
      "module": "module.subnet",
      "mode": "managed",
      "type": "azurerm_subnet",
      "name": "subnets",
      "provider": "provider[\"registry.terraform.io/hashicorp/azurerm\"]",
      "instances": [
        {
          "index_key": "subnet1",
          "schema_version": 0,
          "attributes": {
            "address_prefixes": [
              "10.0.1.0/24"
            ],
            "default_outbound_access_enabled": true,
            "delegation": [],
            "id": "/subscriptions/a69bb81b-cd1b-425c-9dcc-5bdf63f1839a/resourceGroups/rg-axion-sandbox-ci-01/providers/Microsoft.Network/virtualNetworks/vnet-axion-sandbox-c01/subnets/frontend-subnet-axion-sandbox-ci-01",
            "ip_address_pool": [],
            "name": "frontend-subnet-axion-sandbox-ci-01",
            "network_security_group_id": "",
            "network_security_group_id_wo": null,
            "network_security_group_id_wo_version": 0,
            "private_endpoint_network_policies": "Disabled",
            "private_link_service_network_policies_enabled": true,
            "resource_group_name": "rg-axion-sandbox-ci-01",
            "route_table_id": "",
            "route_table_id_wo": null,
            "route_table_id_wo_version": 0,
            "service_endpoint": [],
            "service_endpoint_policy_ids": [],
            "sharing_scope": "",
            "timeouts": null,
            "virtual_network_name": "vnet-axion-sandbox-c01"
          },
          "sensitive_attributes": [],
          "identity_schema_version": 0,
          "identity": {
            "name": "frontend-subnet-axion-sandbox-ci-01",
            "resource_group_name": "rg-axion-sandbox-ci-01",
            "subscription_id": "a69bb81b-cd1b-425c-9dcc-5bdf63f1839a",
            "virtual_network_name": "vnet-axion-sandbox-c01"
          },
          "private": "eyJlMmJmYjczMC1lY2FhLTExZTYtOGY4OC0zNDM2M2JjN2M0YzAiOnsiY3JlYXRlIjoxODAwMDAwMDAwMDAwLCJkZWxldGUiOjE4MDAwMDAwMDAwMDAsInJlYWQiOjMwMDAwMDAwMDAwMCwidXBkYXRlIjoxODAwMDAwMDAwMDAwfX0=",
          "dependencies": [
            "module.rg.azurerm_resource_group.rg",
            "module.vnet.azurerm_virtual_network.vnets"
          ]
        },
        {
          "index_key": "subnet2",
          "schema_version": 0,
          "attributes": {
            "address_prefixes": [
              "10.0.3.0/24"
            ],
            "default_outbound_access_enabled": true,
            "delegation": [],
            "id": "/subscriptions/a69bb81b-cd1b-425c-9dcc-5bdf63f1839a/resourceGroups/rg-axion-sandbox-ci-01/providers/Microsoft.Network/virtualNetworks/vnet-axion-sandbox-c01/subnets/database-subnet-axion-sandbox-ci-01",
            "ip_address_pool": [],
            "name": "database-subnet-axion-sandbox-ci-01",
            "network_security_group_id": "",
            "network_security_group_id_wo": null,
            "network_security_group_id_wo_version": 0,
            "private_endpoint_network_policies": "Disabled",
            "private_link_service_network_policies_enabled": true,
            "resource_group_name": "rg-axion-sandbox-ci-01",
            "route_table_id": "",
            "route_table_id_wo": null,
            "route_table_id_wo_version": 0,
            "service_endpoint": [],
            "service_endpoint_policy_ids": [],
            "sharing_scope": "",
            "timeouts": null,
            "virtual_network_name": "vnet-axion-sandbox-c01"
          },
          "sensitive_attributes": [],
          "identity_schema_version": 0,
          "identity": {
            "name": "database-subnet-axion-sandbox-ci-01",
            "resource_group_name": "rg-axion-sandbox-ci-01",
            "subscription_id": "a69bb81b-cd1b-425c-9dcc-5bdf63f1839a",
            "virtual_network_name": "vnet-axion-sandbox-c01"
          },
          "private": "eyJlMmJmYjczMC1lY2FhLTExZTYtOGY4OC0zNDM2M2JjN2M0YzAiOnsiY3JlYXRlIjoxODAwMDAwMDAwMDAwLCJkZWxldGUiOjE4MDAwMDAwMDAwMDAsInJlYWQiOjMwMDAwMDAwMDAwMCwidXBkYXRlIjoxODAwMDAwMDAwMDAwfX0=",
          "dependencies": [
            "module.rg.azurerm_resource_group.rg",
            "module.vnet.azurerm_virtual_network.vnets"
          ]
        },
        {
          "index_key": "subnet3",
          "schema_version": 0,
          "attributes": {
            "address_prefixes": [
              "10.0.2.0/24"
            ],
            "default_outbound_access_enabled": true,
            "delegation": [],
            "id": "/subscriptions/a69bb81b-cd1b-425c-9dcc-5bdf63f1839a/resourceGroups/rg-axion-sandbox-ci-01/providers/Microsoft.Network/virtualNetworks/vnet-axion-sandbox-c01/subnets/backend-subnet-axion-sandbox-ci-01",
            "ip_address_pool": [],
            "name": "backend-subnet-axion-sandbox-ci-01",
            "network_security_group_id": "",
            "network_security_group_id_wo": null,
            "network_security_group_id_wo_version": 0,
            "private_endpoint_network_policies": "Disabled",
            "private_link_service_network_policies_enabled": true,
            "resource_group_name": "rg-axion-sandbox-ci-01",
            "route_table_id": "",
            "route_table_id_wo": null,
            "route_table_id_wo_version": 0,
            "service_endpoint": [],
            "service_endpoint_policy_ids": [],
            "sharing_scope": "",
            "timeouts": null,
            "virtual_network_name": "vnet-axion-sandbox-c01"
          },
          "sensitive_attributes": [],
          "identity_schema_version": 0,
          "identity": {
            "name": "backend-subnet-axion-sandbox-ci-01",
            "resource_group_name": "rg-axion-sandbox-ci-01",
            "subscription_id": "a69bb81b-cd1b-425c-9dcc-5bdf63f1839a",
            "virtual_network_name": "vnet-axion-sandbox-c01"
          },
          "private": "eyJlMmJmYjczMC1lY2FhLTExZTYtOGY4OC0zNDM2M2JjN2M0YzAiOnsiY3JlYXRlIjoxODAwMDAwMDAwMDAwLCJkZWxldGUiOjE4MDAwMDAwMDAwMDAsInJlYWQiOjMwMDAwMDAwMDAwMCwidXBkYXRlIjoxODAwMDAwMDAwMDAwfX0=",
          "dependencies": [
            "module.rg.azurerm_resource_group.rg",
            "module.vnet.azurerm_virtual_network.vnets"
          ]
        }
      ]
    },
    {
      "module": "module.vms",
      "mode": "data",
      "type": "azurerm_network_security_group",
      "name": "nsg",
      "provider": "provider[\"registry.terraform.io/hashicorp/azurerm\"]",
      "instances": [
        {
          "index_key": "vm3",
          "schema_version": 0,
          "attributes": {
            "id": "/subscriptions/a69bb81b-cd1b-425c-9dcc-5bdf63f1839a/resourceGroups/rg-axion-sandbox-ci-01/providers/Microsoft.Network/networkSecurityGroups/database-nsg-axion-sandbox-ci-01",
            "location": "centralindia",
            "name": "database-nsg-axion-sandbox-ci-01",
            "resource_group_name": "rg-axion-sandbox-ci-01",
            "security_rule": [
              {
                "access": "Allow",
                "description": "",
                "destination_address_prefix": "*",
                "destination_address_prefixes": [],
                "destination_application_security_group_ids": [],
                "destination_port_range": "22",
                "destination_port_ranges": [],
                "direction": "Inbound",
                "name": "test123",
                "priority": 100,
                "protocol": "Tcp",
                "source_address_prefix": "*",
                "source_address_prefixes": [],
                "source_application_security_group_ids": [],
                "source_port_range": "*",
                "source_port_ranges": []
              }
            ],
            "tags": {},
            "timeouts": null
          },
          "sensitive_attributes": [],
          "identity_schema_version": 0
        }
      ]
    },
    {
      "module": "module.vms",
      "mode": "data",
      "type": "azurerm_public_ip",
      "name": "pips",
      "provider": "provider[\"registry.terraform.io/hashicorp/azurerm\"]",
      "instances": [
        {
          "index_key": "vm3",
          "schema_version": 0,
          "attributes": {
            "allocation_method": "Static",
            "ddos_protection_mode": "VirtualNetworkInherited",
            "ddos_protection_plan_id": null,
            "domain_name_label": "",
            "fqdn": "",
            "id": "/subscriptions/a69bb81b-cd1b-425c-9dcc-5bdf63f1839a/resourceGroups/rg-axion-sandbox-ci-01/providers/Microsoft.Network/publicIPAddresses/pip-database-vm-axion-sandbox-ci-01",
            "idle_timeout_in_minutes": 4,
            "ip_address": "20.193.227.77",
            "ip_tags": {},
            "ip_version": "IPv4",
            "location": "centralindia",
            "name": "pip-database-vm-axion-sandbox-ci-01",
            "resource_group_name": "rg-axion-sandbox-ci-01",
            "reverse_fqdn": "",
            "sku": "Standard",
            "tags": {},
            "timeouts": null,
            "zones": []
          },
          "sensitive_attributes": [],
          "identity_schema_version": 0
        }
      ]
    },
    {
      "module": "module.vms",
      "mode": "data",
      "type": "azurerm_subnet",
      "name": "subnets",
      "provider": "provider[\"registry.terraform.io/hashicorp/azurerm\"]",
      "instances": [
        {
          "index_key": "vm3",
          "schema_version": 0,
          "attributes": {
            "address_prefix": "",
            "address_prefixes": [
              "10.0.3.0/24"
            ],
            "default_outbound_access_enabled": true,
            "id": "/subscriptions/a69bb81b-cd1b-425c-9dcc-5bdf63f1839a/resourceGroups/rg-axion-sandbox-ci-01/providers/Microsoft.Network/virtualNetworks/vnet-axion-sandbox-c01/subnets/database-subnet-axion-sandbox-ci-01",
            "name": "database-subnet-axion-sandbox-ci-01",
            "network_security_group_id": "",
            "private_endpoint_network_policies": "Disabled",
            "private_link_service_network_policies_enabled": true,
            "resource_group_name": "rg-axion-sandbox-ci-01",
            "route_table_id": "",
            "service_endpoint": [],
            "timeouts": null,
            "virtual_network_name": "vnet-axion-sandbox-c01"
          },
          "sensitive_attributes": [],
          "identity_schema_version": 0
        }
      ]
    },
    {
      "module": "module.vms",
      "mode": "managed",
      "type": "azurerm_linux_virtual_machine",
      "name": "vms",
      "provider": "provider[\"registry.terraform.io/hashicorp/azurerm\"]",
      "instances": [
        {
          "index_key": "vm3",
          "schema_version": 0,
          "attributes": {
            "additional_capabilities": [],
            "admin_password": "Password12345!",
            "admin_ssh_key": [],
            "admin_username": "adminuser1234",
            "allow_extension_operations": true,
            "availability_set_id": "",
            "boot_diagnostics": [],
            "bypass_platform_safety_checks_on_user_schedule_enabled": false,
            "capacity_reservation_group_id": "",
            "computer_name": "database-vm-axion-sandbox-ci-01",
            "custom_data": null,
            "dedicated_host_group_id": "",
            "dedicated_host_id": "",
            "disable_password_authentication": false,
            "disk_controller_type": "SCSI",
            "edge_zone": "",
            "encryption_at_host_enabled": false,
            "eviction_policy": "",
            "extensions_time_budget": "PT1H30M",
            "gallery_application": [],
            "id": "/subscriptions/a69bb81b-cd1b-425c-9dcc-5bdf63f1839a/resourceGroups/rg-axion-sandbox-ci-01/providers/Microsoft.Compute/virtualMachines/database-vm-axion-sandbox-ci-01",
            "identity": [],
            "license_type": "",
            "location": "centralindia",
            "max_bid_price": -1,
            "name": "database-vm-axion-sandbox-ci-01",
            "network_interface_ids": [
              "/subscriptions/a69bb81b-cd1b-425c-9dcc-5bdf63f1839a/resourceGroups/rg-axion-sandbox-ci-01/providers/Microsoft.Network/networkInterfaces/nic-database-vm-axion-sandbox-ci-01"
            ],
            "os_disk": [
              {
                "caching": "ReadWrite",
                "diff_disk_settings": [],
                "disk_encryption_set_id": "",
                "disk_size_gb": 30,
                "id": "/subscriptions/a69bb81b-cd1b-425c-9dcc-5bdf63f1839a/resourceGroups/rg-axion-sandbox-ci-01/providers/Microsoft.Compute/disks/database-vm-axion-sandbox-ci-01_OsDisk_1_d8ff6601e2f34aa3bf6da3d513ad1007",
                "name": "database-vm-axion-sandbox-ci-01_OsDisk_1_d8ff6601e2f34aa3bf6da3d513ad1007",
                "secure_vm_disk_encryption_set_id": "",
                "security_encryption_type": "",
                "storage_account_type": "Standard_LRS",
                "write_accelerator_enabled": false
              }
            ],
            "os_image_notification": [],
            "os_managed_disk_id": "/subscriptions/a69bb81b-cd1b-425c-9dcc-5bdf63f1839a/resourceGroups/rg-axion-sandbox-ci-01/providers/Microsoft.Compute/disks/database-vm-axion-sandbox-ci-01_OsDisk_1_d8ff6601e2f34aa3bf6da3d513ad1007",
            "patch_assessment_mode": "ImageDefault",
            "patch_mode": "ImageDefault",
            "plan": [],
            "platform_fault_domain": -1,
            "priority": "Regular",
            "private_ip_address": "10.0.3.4",
            "private_ip_addresses": [
              "10.0.3.4"
            ],
            "provision_vm_agent": true,
            "proximity_placement_group_id": "",
            "public_ip_address": "20.193.227.77",
            "public_ip_addresses": [
              "20.193.227.77"
            ],
            "reboot_setting": "",
            "resource_group_name": "rg-axion-sandbox-ci-01",
            "secret": [],
            "secure_boot_enabled": false,
            "size": "Standard_B2ats_v2",
            "source_image_id": "",
            "source_image_reference": [
              {
                "offer": "0001-com-ubuntu-server-jammy",
                "publisher": "Canonical",
                "sku": "22_04-lts-gen2",
                "version": "latest"
              }
            ],
            "tags": null,
            "termination_notification": null,
            "timeouts": null,
            "user_data": "",
            "virtual_machine_id": "a0d0d386-a7bb-4a20-b837-f35edd3a9aa2",
            "virtual_machine_scale_set_id": "",
            "vm_agent_platform_updates_enabled": true,
            "vtpm_enabled": false,
            "zone": ""
          },
          "sensitive_attributes": [
            [
              {
                "type": "get_attr",
                "value": "admin_password"
              }
            ],
            [
              {
                "type": "get_attr",
                "value": "custom_data"
              }
            ]
          ],
          "identity_schema_version": 0,
          "private": "eyJlMmJmYjczMC1lY2FhLTExZTYtOGY4OC0zNDM2M2JjN2M0YzAiOnsiY3JlYXRlIjoyNzAwMDAwMDAwMDAwLCJkZWxldGUiOjI3MDAwMDAwMDAwMDAsInJlYWQiOjMwMDAwMDAwMDAwMCwidXBkYXRlIjoyNzAwMDAwMDAwMDAwfX0=",
          "dependencies": [
            "module.NSG.azurerm_network_security_group.NSG",
            "module.pips.azurerm_public_ip.pips",
            "module.rg.azurerm_resource_group.rg",
            "module.subnet.azurerm_subnet.subnets",
            "module.vms.azurerm_network_interface.nics",
            "module.vms.data.azurerm_public_ip.pips",
            "module.vms.data.azurerm_subnet.subnets",
            "module.vnet.azurerm_virtual_network.vnets"
          ]
        }
      ]
    },
    {
      "module": "module.vms",
      "mode": "managed",
      "type": "azurerm_network_interface",
      "name": "nics",
      "provider": "provider[\"registry.terraform.io/hashicorp/azurerm\"]",
      "instances": [
        {
          "index_key": "vm3",
          "schema_version": 0,
          "attributes": {
            "accelerated_networking_enabled": false,
            "applied_dns_servers": [],
            "auxiliary_mode": "",
            "auxiliary_sku": "",
            "dns_servers": [],
            "edge_zone": "",
            "id": "/subscriptions/a69bb81b-cd1b-425c-9dcc-5bdf63f1839a/resourceGroups/rg-axion-sandbox-ci-01/providers/Microsoft.Network/networkInterfaces/nic-database-vm-axion-sandbox-ci-01",
            "internal_dns_name_label": "",
            "internal_domain_name_suffix": "nrbm5oohkscedeqxa0o3lkfgbc.rx.internal.cloudapp.net",
            "ip_configuration": [
              {
                "gateway_load_balancer_frontend_ip_configuration_id": "",
                "name": "internal",
                "primary": true,
                "private_ip_address": "10.0.3.4",
                "private_ip_address_allocation": "Dynamic",
                "private_ip_address_version": "IPv4",
                "public_ip_address_id": "/subscriptions/a69bb81b-cd1b-425c-9dcc-5bdf63f1839a/resourceGroups/rg-axion-sandbox-ci-01/providers/Microsoft.Network/publicIPAddresses/pip-database-vm-axion-sandbox-ci-01",
                "subnet_id": "/subscriptions/a69bb81b-cd1b-425c-9dcc-5bdf63f1839a/resourceGroups/rg-axion-sandbox-ci-01/providers/Microsoft.Network/virtualNetworks/vnet-axion-sandbox-c01/subnets/database-subnet-axion-sandbox-ci-01"
              }
            ],
            "ip_forwarding_enabled": false,
            "location": "centralindia",
            "mac_address": "",
            "name": "nic-database-vm-axion-sandbox-ci-01",
            "private_ip_address": "10.0.3.4",
            "private_ip_addresses": [
              "10.0.3.4"
            ],
            "resource_group_name": "rg-axion-sandbox-ci-01",
            "tags": {},
            "timeouts": null,
            "virtual_machine_id": ""
          },
          "sensitive_attributes": [],
          "identity_schema_version": 0,
          "identity": {
            "name": "nic-database-vm-axion-sandbox-ci-01",
            "resource_group_name": "rg-axion-sandbox-ci-01",
            "subscription_id": "a69bb81b-cd1b-425c-9dcc-5bdf63f1839a"
          },
          "private": "eyJlMmJmYjczMC1lY2FhLTExZTYtOGY4OC0zNDM2M2JjN2M0YzAiOnsiY3JlYXRlIjoxODAwMDAwMDAwMDAwLCJkZWxldGUiOjE4MDAwMDAwMDAwMDAsInJlYWQiOjMwMDAwMDAwMDAwMCwidXBkYXRlIjoxODAwMDAwMDAwMDAwfX0=",
          "dependencies": [
            "module.NSG.azurerm_network_security_group.NSG",
            "module.pips.azurerm_public_ip.pips",
            "module.rg.azurerm_resource_group.rg",
            "module.subnet.azurerm_subnet.subnets",
            "module.vms.data.azurerm_public_ip.pips",
            "module.vms.data.azurerm_subnet.subnets",
            "module.vnet.azurerm_virtual_network.vnets"
          ]
        }
      ]
    },
    {
      "module": "module.vms",
      "mode": "managed",
      "type": "azurerm_network_interface_security_group_association",
      "name": "nsg_association",
      "provider": "provider[\"registry.terraform.io/hashicorp/azurerm\"]",
      "instances": [
        {
          "index_key": "vm3",
          "schema_version": 0,
          "attributes": {
            "id": "/subscriptions/a69bb81b-cd1b-425c-9dcc-5bdf63f1839a/resourceGroups/rg-axion-sandbox-ci-01/providers/Microsoft.Network/networkInterfaces/nic-database-vm-axion-sandbox-ci-01|/subscriptions/a69bb81b-cd1b-425c-9dcc-5bdf63f1839a/resourceGroups/rg-axion-sandbox-ci-01/providers/Microsoft.Network/networkSecurityGroups/database-nsg-axion-sandbox-ci-01",
            "network_interface_id": "/subscriptions/a69bb81b-cd1b-425c-9dcc-5bdf63f1839a/resourceGroups/rg-axion-sandbox-ci-01/providers/Microsoft.Network/networkInterfaces/nic-database-vm-axion-sandbox-ci-01",
            "network_security_group_id": "/subscriptions/a69bb81b-cd1b-425c-9dcc-5bdf63f1839a/resourceGroups/rg-axion-sandbox-ci-01/providers/Microsoft.Network/networkSecurityGroups/database-nsg-axion-sandbox-ci-01",
            "timeouts": null
          },
          "sensitive_attributes": [],
          "identity_schema_version": 0,
          "private": "eyJlMmJmYjczMC1lY2FhLTExZTYtOGY4OC0zNDM2M2JjN2M0YzAiOnsiY3JlYXRlIjoxODAwMDAwMDAwMDAwLCJkZWxldGUiOjE4MDAwMDAwMDAwMDAsInJlYWQiOjMwMDAwMDAwMDAwMH19",
          "dependencies": [
            "module.NSG.azurerm_network_security_group.NSG",
            "module.pips.azurerm_public_ip.pips",
            "module.rg.azurerm_resource_group.rg",
            "module.subnet.azurerm_subnet.subnets",
            "module.vms.azurerm_network_interface.nics",
            "module.vms.data.azurerm_network_security_group.nsg",
            "module.vms.data.azurerm_public_ip.pips",
            "module.vms.data.azurerm_subnet.subnets",
            "module.vnet.azurerm_virtual_network.vnets"
          ]
        }
      ]
    },
    {
      "module": "module.vnet",
      "mode": "managed",
      "type": "azurerm_virtual_network",
      "name": "vnets",
      "provider": "provider[\"registry.terraform.io/hashicorp/azurerm\"]",
      "instances": [
        {
          "index_key": "vnet1",
          "schema_version": 0,
          "attributes": {
            "address_space": [
              "10.0.0.0/16"
            ],
            "bgp_community": "",
            "ddos_protection_plan": [],
            "dns_servers": [],
            "edge_zone": "",
            "encryption": [],
            "flow_timeout_in_minutes": 0,
            "guid": "b9cf426c-54c7-4184-9217-069dd5a8a60a",
            "id": "/subscriptions/a69bb81b-cd1b-425c-9dcc-5bdf63f1839a/resourceGroups/rg-axion-sandbox-ci-01/providers/Microsoft.Network/virtualNetworks/vnet-axion-sandbox-c01",
            "ip_address_pool": [],
            "location": "centralindia",
            "name": "vnet-axion-sandbox-c01",
            "private_endpoint_vnet_policies": "Disabled",
            "resource_group_name": "rg-axion-sandbox-ci-01",
            "subnet": [
              {
                "address_prefixes": [
                  "10.0.1.0/24"
                ],
                "default_outbound_access_enabled": true,
                "delegation": [],
                "id": "/subscriptions/a69bb81b-cd1b-425c-9dcc-5bdf63f1839a/resourceGroups/rg-axion-sandbox-ci-01/providers/Microsoft.Network/virtualNetworks/vnet-axion-sandbox-c01/subnets/frontend-subnet-axion-sandbox-ci-01",
                "name": "frontend-subnet-axion-sandbox-ci-01",
                "private_endpoint_network_policies": "Disabled",
                "private_link_service_network_policies_enabled": true,
                "route_table_id": "",
                "security_group": "",
                "service_endpoint": [],
                "service_endpoint_policy_ids": []
              },
              {
                "address_prefixes": [
                  "10.0.2.0/24"
                ],
                "default_outbound_access_enabled": true,
                "delegation": [],
                "id": "/subscriptions/a69bb81b-cd1b-425c-9dcc-5bdf63f1839a/resourceGroups/rg-axion-sandbox-ci-01/providers/Microsoft.Network/virtualNetworks/vnet-axion-sandbox-c01/subnets/backend-subnet-axion-sandbox-ci-01",
                "name": "backend-subnet-axion-sandbox-ci-01",
                "private_endpoint_network_policies": "Disabled",
                "private_link_service_network_policies_enabled": true,
                "route_table_id": "",
                "security_group": "",
                "service_endpoint": [],
                "service_endpoint_policy_ids": []
              },
              {
                "address_prefixes": [
                  "10.0.3.0/24"
                ],
                "default_outbound_access_enabled": true,
                "delegation": [],
                "id": "/subscriptions/a69bb81b-cd1b-425c-9dcc-5bdf63f1839a/resourceGroups/rg-axion-sandbox-ci-01/providers/Microsoft.Network/virtualNetworks/vnet-axion-sandbox-c01/subnets/database-subnet-axion-sandbox-ci-01",
                "name": "database-subnet-axion-sandbox-ci-01",
                "private_endpoint_network_policies": "Disabled",
                "private_link_service_network_policies_enabled": true,
                "route_table_id": "",
                "security_group": "",
                "service_endpoint": [],
                "service_endpoint_policy_ids": []
              }
            ],
            "tags": {},
            "timeouts": null
          },
          "sensitive_attributes": [],
          "identity_schema_version": 0,
          "identity": {
            "name": "vnet-axion-sandbox-c01",
            "resource_group_name": "rg-axion-sandbox-ci-01",
            "subscription_id": "a69bb81b-cd1b-425c-9dcc-5bdf63f1839a"
          },
          "private": "eyJlMmJmYjczMC1lY2FhLTExZTYtOGY4OC0zNDM2M2JjN2M0YzAiOnsiY3JlYXRlIjoxODAwMDAwMDAwMDAwLCJkZWxldGUiOjE4MDAwMDAwMDAwMDAsInJlYWQiOjMwMDAwMDAwMDAwMCwidXBkYXRlIjoxODAwMDAwMDAwMDAwfX0=",
          "dependencies": [
            "module.rg.azurerm_resource_group.rg"
          ]
        }
      ]
    }
  ],
  "check_results": null
}
